
Microsoft Visual Studio Solution File, Format Version 12.00
# Visual Studio Version 16
VisualStudioVersion = 16.0.30128.74
MinimumVisualStudioVersion = 10.0.40219.1
Project("{FAE04EC0-301F-11D3-BF4B-00C04F79EFBC}") = "ItemTemplate-Selector", "ItemTemplate-Selector.csproj", "{F88CE850-6EE5-47F4-AD73-10809E5DBE16}"
EndProject
Global
	GlobalSection(SolutionConfigurationPlatforms) = preSolution
		Debug|Any CPU = Debug|Any CPU
		Release|Any CPU = Release|Any CPU
	EndGlobalSection
	GlobalSection(ProjectConfigurationPlatforms) = postSolution
		{F88CE850-6EE5-47F4-AD73-10809E5DBE16}.Debug|Any CPU.ActiveCfg = Debug|Any CPU
		{F88CE850-6EE5-47F4-AD73-10809E5DBE16}.Debug|Any CPU.Build.0 = Debug|Any CPU
		{F88CE850-6EE5-47F4-AD73-10809E5DBE16}.Release|Any CPU.ActiveCfg = Release|Any CPU
		{F88CE850-6EE5-47F4-AD73-10809E5DBE16}.Release|Any CPU.Build.0 = Release|Any CPU
	EndGlobalSection
	GlobalSection(SolutionProperties) = preSolution
		HideSolutionNode = FALSE
	EndGlobalSection
	GlobalSection(ExtensibilityGlobals) = postSolution
		SolutionGuid = {6E015BEF-2CB9-4376-9A71-E788653EBFE3}
	EndGlobalSection
EndGlobal
