
Microsoft Visual Studio Solution File, Format Version 12.00
# Visual Studio Version 16
VisualStudioVersion = 16.0.30128.74
MinimumVisualStudioVersion = 10.0.40219.1
Project("{FAE04EC0-301F-11D3-BF4B-00C04F79EFBC}") = "Custom-Maximize-Button", "Custom-Maximize-Button.csproj", "{AFC0E8B6-4216-4600-A3AE-6A7D9C9B65DA}"
EndProject
Global
	GlobalSection(SolutionConfigurationPlatforms) = preSolution
		Debug|Any CPU = Debug|Any CPU
		Release|Any CPU = Release|Any CPU
	EndGlobalSection
	GlobalSection(ProjectConfigurationPlatforms) = postSolution
		{AFC0E8B6-4216-4600-A3AE-6A7D9C9B65DA}.Debug|Any CPU.ActiveCfg = Debug|Any CPU
		{AFC0E8B6-4216-4600-A3AE-6A7D9C9B65DA}.Debug|Any CPU.Build.0 = Debug|Any CPU
		{AFC0E8B6-4216-4600-A3AE-6A7D9C9B65DA}.Release|Any CPU.ActiveCfg = Release|Any CPU
		{AFC0E8B6-4216-4600-A3AE-6A7D9C9B65DA}.Release|Any CPU.Build.0 = Release|Any CPU
	EndGlobalSection
	GlobalSection(SolutionProperties) = preSolution
		HideSolutionNode = FALSE
	EndGlobalSection
	GlobalSection(ExtensibilityGlobals) = postSolution
		SolutionGuid = {66D7C727-4EF1-4D76-82D5-FFFAF788B1E5}
	EndGlobalSection
EndGlobal
