
Microsoft Visual Studio Solution File, Format Version 12.00
# Visual Studio Version 16
VisualStudioVersion = 16.0.30128.74
MinimumVisualStudioVersion = 10.0.40219.1
Project("{FAE04EC0-301F-11D3-BF4B-00C04F79EFBC}") = "TileViewItem-Header", "TileViewItem-Header.csproj", "{319E70DB-4A31-439E-8B45-0610F0D7AE51}"
EndProject
Global
	GlobalSection(SolutionConfigurationPlatforms) = preSolution
		Debug|Any CPU = Debug|Any CPU
		Release|Any CPU = Release|Any CPU
	EndGlobalSection
	GlobalSection(ProjectConfigurationPlatforms) = postSolution
		{319E70DB-4A31-439E-8B45-0610F0D7AE51}.Debug|Any CPU.ActiveCfg = Debug|Any CPU
		{319E70DB-4A31-439E-8B45-0610F0D7AE51}.Debug|Any CPU.Build.0 = Debug|Any CPU
		{319E70DB-4A31-439E-8B45-0610F0D7AE51}.Release|Any CPU.ActiveCfg = Release|Any CPU
		{319E70DB-4A31-439E-8B45-0610F0D7AE51}.Release|Any CPU.Build.0 = Release|Any CPU
	EndGlobalSection
	GlobalSection(SolutionProperties) = preSolution
		HideSolutionNode = FALSE
	EndGlobalSection
	GlobalSection(ExtensibilityGlobals) = postSolution
		SolutionGuid = {3F8FC268-7D94-4206-A855-0705C59CDD08}
	EndGlobalSection
EndGlobal
